lockfileVersion: '9.0'

settings:
  autoInstallPeers: true
  excludeLinksFromLockfile: false

catalogs:
  default:
    oxlint:
      specifier: ^1.35.0
      version: 1.35.0

importers:

  .: {}

  scripts/oxlint:
    dependencies:
      oxlint:
        specifier: 'catalog:'
        version: 1.35.0

  scripts/typescript: {}

packages:

  '@oxlint/darwin-arm64@1.35.0':
    resolution: {integrity: sha512-ieiYVHkNZPo77Hgrxav595wGS4rRNKuDNrljf+4xhwpJsddrxMpM64IQUf2IvR3MhK4FxdGzhhB6OVmGVHY5/w==}
    cpu: [arm64]
    os: [darwin]

  '@oxlint/darwin-x64@1.35.0':
    resolution: {integrity: sha512-1jNHu3j66X5jKySvgtE+jGtjx4ye+xioAucVTi2IuROZO6keK2YG74pnD+9FT+DpWZAtWRZGoW0r0x6aN9sEEg==}
    cpu: [x64]
    os: [darwin]

  '@oxlint/linux-arm64-gnu@1.35.0':
    resolution: {integrity: sha512-T1lc0UaYbTxZyqVpLfC7eipbauNG8pBpkaZEW4JGz8Y68rxTH7d9s+CF0zxUxNr5RCtcmT669RLVjQT7VrKVLg==}
    cpu: [arm64]
    os: [linux]

  '@oxlint/linux-arm64-musl@1.35.0':
    resolution: {integrity: sha512-7Wv5Pke9kwWKFycUziSHsmi3EM0389TLzraB0KE/MArrKxx30ycwfJ5PYoMj9ERoW+Ybs0txdaOF/xJy/XyYkg==}
    cpu: [arm64]
    os: [linux]

  '@oxlint/linux-x64-gnu@1.35.0':
    resolution: {integrity: sha512-HDMPOzyVVy+rQl3H7UOq8oGHt7m1yaiWCanlhAu4jciK8dvXeO9OG/OQd74lD/h05IcJh93pCLEJ3wWOG8hTiQ==}
    cpu: [x64]
    os: [linux]

  '@oxlint/linux-x64-musl@1.35.0':
    resolution: {integrity: sha512-kAPBBsUOM3HQQ6n3nnZauvFR9EoXqCSoj4O3OSXXarzsRTiItNrHabVUwxeswZEc+xMzQNR0FHEWg/d4QAAWLw==}
    cpu: [x64]
    os: [linux]

  '@oxlint/win32-arm64@1.35.0':
    resolution: {integrity: sha512-qrpBkkOASS0WT8ra9xmBRXOEliN6D/MV9JhI/68lFHrtLhfFuRwg4AjzjxrCWrQCnQ0WkvAVpJzu73F4ICLYZw==}
    cpu: [arm64]
    os: [win32]

  '@oxlint/win32-x64@1.35.0':
    resolution: {integrity: sha512-yPFcj6umrhusnG/kMS5wh96vblsqZ0kArQJS+7kEOSJDrH+DsFWaDCsSRF8U6gmSmZJ26KVMU3C3TMpqDN4M1g==}
    cpu: [x64]
    os: [win32]

  oxlint@1.35.0:
    resolution: {integrity: sha512-QDX1aUgaiqznkGfTM2qHwva2wtKqhVoqPSVXrnPz+yLUhlNadikD3QRuRtppHl7WGuy3wG6nKAuR8lash3aWSg==}
    engines: {node: ^20.19.0 || >=22.12.0}
    hasBin: true
    peerDependencies:
      oxlint-tsgolint: '>=0.10.0'
    peerDependenciesMeta:
      oxlint-tsgolint:
        optional: true

snapshots:

  '@oxlint/darwin-arm64@1.35.0':
    optional: true

  '@oxlint/darwin-x64@1.35.0':
    optional: true

  '@oxlint/linux-arm64-gnu@1.35.0':
    optional: true

  '@oxlint/linux-arm64-musl@1.35.0':
    optional: true

  '@oxlint/linux-x64-gnu@1.35.0':
    optional: true

  '@oxlint/linux-x64-musl@1.35.0':
    optional: true

  '@oxlint/win32-arm64@1.35.0':
    optional: true

  '@oxlint/win32-x64@1.35.0':
    optional: true

  oxlint@1.35.0:
    optionalDependencies:
      '@oxlint/darwin-arm64': 1.35.0
      '@oxlint/darwin-x64': 1.35.0
      '@oxlint/linux-arm64-gnu': 1.35.0
      '@oxlint/linux-arm64-musl': 1.35.0
      '@oxlint/linux-x64-gnu': 1.35.0
      '@oxlint/linux-x64-musl': 1.35.0
      '@oxlint/win32-arm64': 1.35.0
      '@oxlint/win32-x64': 1.35.0
